
Microsoft Visual Studio Solution File, Format Version 12.00
# Visual Studio Version 16
VisualStudioVersion = 16.0.31025.194
MinimumVisualStudioVersion = 10.0.40219.1
Project("{FAE04EC0-301F-11D3-BF4B-00C04F79EFBC}") = "Entity", "Entity\Entity.csproj", "{232CF1FC-C821-4AF2-BA11-94EEAB889EB1}"
EndProject
Project("{FAE04EC0-301F-11D3-BF4B-00C04F79EFBC}") = "DataAcces", "DataAcces\DataAcces.csproj", "{A601CFAB-CF2A-4058-8B89-6B5626DEB698}"
EndProject
Project("{FAE04EC0-301F-11D3-BF4B-00C04F79EFBC}") = "Business", "Business\Business.csproj", "{705BB595-0AA4-4537-A566-6B0CDC16FBB2}"
EndProject
Project("{FAE04EC0-301F-11D3-BF4B-00C04F79EFBC}") = "Web", "Web\Web.csproj", "{F5DC354E-7BE0-470D-93E8-B7FD2024566E}"
EndProject
Global
	GlobalSection(SolutionConfigurationPlatforms) = preSolution
		Debug|Any CPU = Debug|Any CPU
		Release|Any CPU = Release|Any CPU
	EndGlobalSection
	GlobalSection(ProjectConfigurationPlatforms) = postSolution
		{232CF1FC-C821-4AF2-BA11-94EEAB889EB1}.Debug|Any CPU.ActiveCfg = Debug|Any CPU
		{232CF1FC-C821-4AF2-BA11-94EEAB889EB1}.Debug|Any CPU.Build.0 = Debug|Any CPU
		{232CF1FC-C821-4AF2-BA11-94EEAB889EB1}.Release|Any CPU.ActiveCfg = Release|Any CPU
		{232CF1FC-C821-4AF2-BA11-94EEAB889EB1}.Release|Any CPU.Build.0 = Release|Any CPU
		{A601CFAB-CF2A-4058-8B89-6B5626DEB698}.Debug|Any CPU.ActiveCfg = Debug|Any CPU
		{A601CFAB-CF2A-4058-8B89-6B5626DEB698}.Debug|Any CPU.Build.0 = Debug|Any CPU
		{A601CFAB-CF2A-4058-8B89-6B5626DEB698}.Release|Any CPU.ActiveCfg = Release|Any CPU
		{A601CFAB-CF2A-4058-8B89-6B5626DEB698}.Release|Any CPU.Build.0 = Release|Any CPU
		{705BB595-0AA4-4537-A566-6B0CDC16FBB2}.Debug|Any CPU.ActiveCfg = Debug|Any CPU
		{705BB595-0AA4-4537-A566-6B0CDC16FBB2}.Debug|Any CPU.Build.0 = Debug|Any CPU
		{705BB595-0AA4-4537-A566-6B0CDC16FBB2}.Release|Any CPU.ActiveCfg = Release|Any CPU
		{705BB595-0AA4-4537-A566-6B0CDC16FBB2}.Release|Any CPU.Build.0 = Release|Any CPU
		{F5DC354E-7BE0-470D-93E8-B7FD2024566E}.Debug|Any CPU.ActiveCfg = Debug|Any CPU
		{F5DC354E-7BE0-470D-93E8-B7FD2024566E}.Debug|Any CPU.Build.0 = Debug|Any CPU
		{F5DC354E-7BE0-470D-93E8-B7FD2024566E}.Release|Any CPU.ActiveCfg = Release|Any CPU
		{F5DC354E-7BE0-470D-93E8-B7FD2024566E}.Release|Any CPU.Build.0 = Release|Any CPU
	EndGlobalSection
	GlobalSection(SolutionProperties) = preSolution
		HideSolutionNode = FALSE
	EndGlobalSection
	GlobalSection(ExtensibilityGlobals) = postSolution
		EnterpriseLibraryConfigurationToolBinariesPath = packages\Unity.2.1.505.0\lib\NET35
		SolutionGuid = {F6576B8B-7EC2-4B3A-BE98-BA9C4D2DF04A}
	EndGlobalSection
EndGlobal
